{
  "name": "sample",
  "version": "1.0.0",
  "lockfileVersion": 3,
  "requires": true,
  "packages": {
    "": {
      "name": "sample",
      "version": "1.0.0",
      "license": "ISC",
      "dependencies": {
        "teddy": "../"
      }
    },
    "..": {
      "version": "0.6.5",
      "license": "CC-BY-4.0",
      "dependencies": {
        "cheerio": "1.0.0-rc.12",
        "xregexp": "5.1.1"
      },
      "devDependencies": {
        "@babel/cli": "7.23.4",
        "@babel/core": "7.23.7",
        "@babel/preset-env": "7.23.8",
        "@babel/register": "7.23.7",
        "@playwright/test": "1.40.1",
        "c8": "9.0.0",
        "chai": "5.0.0",
        "codecov": "3.8.3",
        "cross-env": "7.0.3",
        "eslint": "8.56.0",
        "eslint-plugin-html": "7.1.0",
        "eslint-plugin-mocha": "10.2.0",
        "mocha": "10.2.0",
        "standard": "17.1.0",
        "terser-webpack-plugin": "5.3.10",
        "webpack": "5.89.0",
        "webpack-cli": "5.1.4"
      },
      "engines": {
        "node": ">=18.0.0"
      },
      "funding": {
        "type": "individual",
        "url": "https://github.com/sponsors/kethinov"
      }
    },
    "dist/teddy": {
      "extraneous": true
    },
    "dist/teddy.js": {
      "extraneous": true
    },
    "node_modules/teddy": {
      "resolved": "..",
      "link": true
    }
  }
}
